// !$*UTF8*$!
{
	archiveVersion = 1;
	classes = {
	};
	objectVersion = 50;
	objects = {

/* Begin PBXBuildFile section */
		184CAF2C22DCCD73002124B1 /* AppDelegate.swift in Sources */ = {isa = PBXBuildFile; fileRef = 184CAF2B22DCCD73002124B1 /* AppDelegate.swift */; };
		184CAF2E22DCCD73002124B1 /* ViewController.swift in Sources */ = {isa = PBXBuildFile; fileRef = 184CAF2D22DCCD73002124B1 /* ViewController.swift */; };
		184CAF3122DCCD73002124B1 /* Main.storyboard in Resources */ = {isa = PBXBuildFile; fileRef = 184CAF2F22DCCD73002124B1 /* Main.storyboard */; };
		184CAF3422DCCD73002124B1 /* toDoList.xcdatamodeld in Sources */ = {isa = PBXBuildFile; fileRef = 184CAF3222DCCD73002124B1 /* toDoList.xcdatamodeld */; };
		184CAF3622DCCD74002124B1 /* Assets.xcassets in Resources */ = {isa = PBXBuildFile; fileRef = 184CAF3522DCCD74002124B1 /* Assets.xcassets */; };
		184CAF3922DCCD74002124B1 /* LaunchScreen.storyboard in Resources */ = {isa = PBXBuildFile; fileRef = 184CAF3722DCCD74002124B1 /* LaunchScreen.storyboard */; };
		184CAF4422DCCD74002124B1 /* toDoListTests.swift in Sources */ = {isa = PBXBuildFile; fileRef = 184CAF4322DCCD74002124B1 /* toDoListTests.swift */; };
		184CAF4F22DCCD74002124B1 /* toDoListUITests.swift in Sources */ = {isa = PBXBuildFile; fileRef = 184CAF4E22DCCD74002124B1 /* toDoListUITests.swift */; };
/* End PBXBuildFile section */

/* Begin PBXContainerItemProxy section */
		184CAF4022DCCD74002124B1 /* PBXContainerItemProxy */ = {
			isa = PBXContainerItemProxy;
			containerPortal = 184CAF2022DCCD73002124B1 /* Project object */;
			proxyType = 1;
			remoteGlobalIDString = 184CAF2722DCCD73002124B1;
			remoteInfo = toDoList;
		};
		184CAF4B22DCCD74002124B1 /* PBXContainerItemProxy */ = {
			isa = PBXContainerItemProxy;
			containerPortal = 184CAF2022DCCD73002124B1 /* Project object */;
			proxyType = 1;
			remoteGlobalIDString = 184CAF2722DCCD73002124B1;
			remoteInfo = toDoList;
		};
/* End PBXContainerItemProxy section */

/* Begin PBXFileReference section */
		184CAF2822DCCD73002124B1 /* toDoList.app */ = {isa = PBXFileReference; explicitFileType = wrapper.application; includeInIndex = 0; path = toDoList.app; sourceTree = BUILT_PRODUCTS_DIR; };
		184CAF2B22DCCD73002124B1 /* AppDelegate.swift */ = {isa = PBXFileReference; lastKnownFileType = sourcecode.swift; path = AppDelegate.swift; sourceTree = "<group>"; };
		184CAF2D22DCCD73002124B1 /* ViewController.swift */ = {isa = PBXFileReference; lastKnownFileType = sourcecode.swift; path = ViewController.swift; sourceTree = "<group>"; };
		184CAF3022DCCD73002124B1 /* Base */ = {isa = PBXFileReference; lastKnownFileType = file.storyboard; name = Base; path = Base.lproj/Main.storyboard; sourceTree = "<group>"; };
		184CAF3322DCCD73002124B1 /* toDoList.xcdatamodel */ = {isa = PBXFileReference; lastKnownFileType = wrapper.xcdatamodel; path = toDoList.xcdatamodel; sourceTree = "<group>"; };
		184CAF3522DCCD74002124B1 /* Assets.xcassets */ = {isa = PBXFileReference; lastKnownFileType = folder.assetcatalog; path = Assets.xcassets; sourceTree = "<group>"; };
		184CAF3822DCCD74002124B1 /* Base */ = {isa = PBXFileReference; lastKnownFileType = file.storyboard; name = Base; path = Base.lproj/LaunchScreen.storyboard; sourceTree = "<group>"; };
		184CAF3A22DCCD74002124B1 /* Info.plist */ = {isa = PBXFileReference; lastKnownFileType = text.plist.xml; path = Info.plist; sourceTree = "<group>"; };
		184CAF3F22DCCD74002124B1 /* toDoListTests.xctest */ = {isa = PBXFileReference; explicitFileType = wrapper.cfbundle; includeInIndex = 0; path = toDoListTests.xctest; sourceTree = BUILT_PRODUCTS_DIR; };
		184CAF4322DCCD74002124B1 /* toDoListTests.swift */ = {isa = PBXFileReference; lastKnownFileType = sourcecode.swift; path = toDoListTests.swift; sourceTree = "<group>"; };
		184CAF4522DCCD74002124B1 /* Info.plist */ = {isa = PBXFileReference; lastKnownFileType = text.plist.xml; path = Info.plist; sourceTree = "<group>"; };
		184CAF4A22DCCD74002124B1 /* toDoListUITests.xctest */ = {isa = PBXFileReference; explicitFileType = wrapper.cfbundle; includeInIndex = 0; path = toDoListUITests.xctest; sourceTree = BUILT_PRODUCTS_DIR; };
		184CAF4E22DCCD74002124B1 /* toDoListUITests.swift */ = {isa = PBXFileReference; lastKnownFileType = sourcecode.swift; path = toDoListUITests.swift; sourceTree = "<group>"; };
		184CAF5022DCCD74002124B1 /* Info.plist */ = {isa = PBXFileReference; lastKnownFileType = text.plist.xml; path = Info.plist; sourceTree = "<group>"; };
/* End PBXFileReference section */

/* Begin PBXFrameworksBuildPhase section */
		184CAF2522DCCD73002124B1 /* Frameworks */ = {
			isa = PBXFrameworksBuildPhase;
			buildActionMask = 2147483647;
			files = (
			);
			runOnlyForDeploymentPostprocessing = 0;
		};
		184CAF3C22DCCD74002124B1 /* Frameworks */ = {
			isa = PBXFrameworksBuildPhase;
			buildActionMask = 2147483647;
			files = (
			);
			runOnlyForDeploymentPostprocessing = 0;
		};
		184CAF4722DCCD74002124B1 /* Frameworks */ = {
			isa = PBXFrameworksBuildPhase;
			buildActionMask = 2147483647;
			files = (
			);
			runOnlyForDeploymentPostprocessing = 0;
		};
/* End PBXFrameworksBuildPhase section */

/* Begin PBXGroup section */
		184CAF1F22DCCD73002124B1 = {
			isa = PBXGroup;
			children = (
				184CAF2A22DCCD73002124B1 /* toDoList */,
				184CAF4222DCCD74002124B1 /* toDoListTests */,
				184CAF4D22DCCD74002124B1 /* toDoListUITests */,
				184CAF2922DCCD73002124B1 /* Products */,
			);
			sourceTree = "<group>";
		};
		184CAF2922DCCD73002124B1 /* Products */ = {
			isa = PBXGroup;
			children = (
				184CAF2822DCCD73002124B1 /* toDoList.app */,
				184CAF3F22DCCD74002124B1 /* toDoListTests.xctest */,
				184CAF4A22DCCD74002124B1 /* toDoListUITests.xctest */,
			);
			name = Products;
			sourceTree = "<group>";
		};
		184CAF2A22DCCD73002124B1 /* toDoList */ = {
			isa = PBXGroup;
			children = (
				184CAF2B22DCCD73002124B1 /* AppDelegate.swift */,
				184CAF2D22DCCD73002124B1 /* ViewController.swift */,
				184CAF2F22DCCD73002124B1 /* Main.storyboard */,
				184CAF3522DCCD74002124B1 /* Assets.xcassets */,
				184CAF3722DCCD74002124B1 /* LaunchScreen.storyboard */,
				184CAF3A22DCCD74002124B1 /* Info.plist */,
				184CAF3222DCCD73002124B1 /* toDoList.xcdatamodeld */,
			);
			path = toDoList;
			sourceTree = "<group>";
		};
		184CAF4222DCCD74002124B1 /* toDoListTests */ = {
			isa = PBXGroup;
			children = (
				184CAF4322DCCD74002124B1 /* toDoListTests.swift */,
				184CAF4522DCCD74002124B1 /* Info.plist */,
			);
			path = toDoListTests;
			sourceTree = "<group>";
		};
		184CAF4D22DCCD74002124B1 /* toDoListUITests */ = {
			isa = PBXGroup;
			children = (
				184CAF4E22DCCD74002124B1 /* toDoListUITests.swift */,
				184CAF5022DCCD74002124B1 /* Info.plist */,
			);
			path = toDoListUITests;
			sourceTree = "<group>";
		};
/* End PBXGroup section */

/* Begin PBXNativeTarget section */
		184CAF2722DCCD73002124B1 /* toDoList */ = {
			isa = PBXNativeTarget;
			buildConfigurationList = 184CAF5322DCCD74002124B1 /* Build configuration list for PBXNativeTarget "toDoList" */;
			buildPhases = (
				184CAF2422DCCD73002124B1 /* Sources */,
				184CAF2522DCCD73002124B1 /* Frameworks */,
				184CAF2622DCCD73002124B1 /* Resources */,
			);
			buildRules = (
			);
			dependencies = (
			);
			name = toDoList;
			productName = toDoList;
			productReference = 184CAF2822DCCD73002124B1 /* toDoList.app */;
			productType = "com.apple.product-type.application";
		};
		184CAF3E22DCCD74002124B1 /* toDoListTests */ = {
			isa = PBXNativeTarget;
			buildConfigurationList = 184CAF5622DCCD74002124B1 /* Build configuration list for PBXNativeTarget "toDoListTests" */;
			buildPhases = (
				184CAF3B22DCCD74002124B1 /* Sources */,
				184CAF3C22DCCD74002124B1 /* Frameworks */,
				184CAF3D22DCCD74002124B1 /* Resources */,
			);
			buildRules = (
			);
			dependencies = (
				184CAF4122DCCD74002124B1 /* PBXTargetDependency */,
			);
			name = toDoListTests;
			productName = toDoListTests;
			productReference = 184CAF3F22DCCD74002124B1 /* toDoListTests.xctest */;
			productType = "com.apple.product-type.bundle.unit-test";
		};
		184CAF4922DCCD74002124B1 /* toDoListUITests */ = {
			isa = PBXNativeTarget;
			buildConfigurationList = 184CAF5922DCCD74002124B1 /* Build configuration list for PBXNativeTarget "toDoListUITests" */;
			buildPhases = (
				184CAF4622DCCD74002124B1 /* Sources */,
				184CAF4722DCCD74002124B1 /* Frameworks */,
				184CAF4822DCCD74002124B1 /* Resources */,
			);
			buildRules = (
			);
			dependencies = (
				184CAF4C22DCCD74002124B1 /* PBXTargetDependency */,
			);
			name = toDoListUITests;
			productName = toDoListUITests;
			productReference = 184CAF4A22DCCD74002124B1 /* toDoListUITests.xctest */;
			productType = "com.apple.product-type.bundle.ui-testing";
		};
/* End PBXNativeTarget section */

/* Begin PBXProject section */
		184CAF2022DCCD73002124B1 /* Project object */ = {
			isa = PBXProject;
			attributes = {
				LastSwiftUpdateCheck = 1020;
				LastUpgradeCheck = 1020;
				ORGANIZATIONNAME = "Kode with Klossy";
				TargetAttributes = {
					184CAF2722DCCD73002124B1 = {
						CreatedOnToolsVersion = 10.2.1;
					};
					184CAF3E22DCCD74002124B1 = {
						CreatedOnToolsVersion = 10.2.1;
						TestTargetID = 184CAF2722DCCD73002124B1;
					};
					184CAF4922DCCD74002124B1 = {
						CreatedOnToolsVersion = 10.2.1;
						TestTargetID = 184CAF2722DCCD73002124B1;
					};
				};
			};
			buildConfigurationList = 184CAF2322DCCD73002124B1 /* Build configuration list for PBXProject "toDoList" */;
			compatibilityVersion = "Xcode 9.3";
			developmentRegion = en;
			hasScannedForEncodings = 0;
			knownRegions = (
				en,
				Base,
			);
			mainGroup = 184CAF1F22DCCD73002124B1;
			productRefGroup = 184CAF2922DCCD73002124B1 /* Products */;
			projectDirPath = "";
			projectRoot = "";
			targets = (
				184CAF2722DCCD73002124B1 /* toDoList */,
				184CAF3E22DCCD74002124B1 /* toDoListTests */,
				184CAF4922DCCD74002124B1 /* toDoListUITests */,
			);
		};
/* End PBXProject section */

/* Begin PBXResourcesBuildPhase section */
		184CAF2622DCCD73002124B1 /* Resources */ = {
			isa = PBXResourcesBuildPhase;
			buildActionMask = 2147483647;
			files = (
				184CAF3922DCCD74002124B1 /* LaunchScreen.storyboard in Resources */,
				184CAF3622DCCD74002124B1 /* Assets.xcassets in Resources */,
				184CAF3122DCCD73002124B1 /* Main.storyboard in Resources */,
			);
			runOnlyForDeploymentPostprocessing = 0;
		};
		184CAF3D22DCCD74002124B1 /* Resources */ = {
			isa = PBXResourcesBuildPhase;
			buildActionMask = 2147483647;
			files = (
			);
			runOnlyForDeploymentPostprocessing = 0;
		};
		184CAF4822DCCD74002124B1 /* Resources */ = {
			isa = PBXResourcesBuildPhase;
			buildActionMask = 2147483647;
			files = (
			);
			runOnlyForDeploymentPostprocessing = 0;
		};
/* End PBXResourcesBuildPhase section */

/* Begin PBXSourcesBuildPhase section */
		184CAF2422DCCD73002124B1 /* Sources */ = {
			isa = PBXSourcesBuildPhase;
			buildActionMask = 2147483647;
			files = (
				184CAF2E22DCCD73002124B1 /* ViewController.swift in Sources */,
				184CAF3422DCCD73002124B1 /* toDoList.xcdatamodeld in Sources */,
				184CAF2C22DCCD73002124B1 /* AppDelegate.swift in Sources */,
			);
			runOnlyForDeploymentPostprocessing = 0;
		};
		184CAF3B22DCCD74002124B1 /* Sources */ = {
			isa = PBXSourcesBuildPhase;
			buildActionMask = 2147483647;
			files = (
				184CAF4422DCCD74002124B1 /* toDoListTests.swift in Sources */,
			);
			runOnlyForDeploymentPostprocessing = 0;
		};
		184CAF4622DCCD74002124B1 /* Sources */ = {
			isa = PBXSourcesBuildPhase;
			buildActionMask = 2147483647;
			files = (
				184CAF4F22DCCD74002124B1 /* toDoListUITests.swift in Sources */,
			);
			runOnlyForDeploymentPostprocessing = 0;
		};
/* End PBXSourcesBuildPhase section */

/* Begin PBXTargetDependency section */
		184CAF4122DCCD74002124B1 /* PBXTargetDependency */ = {
			isa = PBXTargetDependency;
			target = 184CAF2722DCCD73002124B1 /* toDoList */;
			targetProxy = 184CAF4022DCCD74002124B1 /* PBXContainerItemProxy */;
		};
		184CAF4C22DCCD74002124B1 /* PBXTargetDependency */ = {
			isa = PBXTargetDependency;
			target = 184CAF2722DCCD73002124B1 /* toDoList */;
			targetProxy = 184CAF4B22DCCD74002124B1 /* PBXContainerItemProxy */;
		};
/* End PBXTargetDependency section */

/* Begin PBXVariantGroup section */
		184CAF2F22DCCD73002124B1 /* Main.storyboard */ = {
			isa = PBXVariantGroup;
			children = (
				184CAF3022DCCD73002124B1 /* Base */,
			);
			name = Main.storyboard;
			sourceTree = "<group>";
		};
		184CAF3722DCCD74002124B1 /* LaunchScreen.storyboard */ = {
			isa = PBXVariantGroup;
			children = (
				184CAF3822DCCD74002124B1 /* Base */,
			);
			name = LaunchScreen.storyboard;
			sourceTree = "<group>";
		};
/* End PBXVariantGroup section */

/* Begin XCBuildConfiguration section */
		184CAF5122DCCD74002124B1 /* Debug */ = {
			isa = XCBuildConfiguration;
			buildSettings = {
				ALWAYS_SEARCH_USER_PATHS = NO;
				CLANG_ANALYZER_NONNULL = YES;
				CLANG_ANALYZER_NUMBER_OBJECT_CONVERSION = YES_AGGRESSIVE;
				CLANG_CXX_LANGUAGE_STANDARD = "gnu++14";
				CLANG_CXX_LIBRARY = "libc++";
				CLANG_ENABLE_MODULES = YES;
				CLANG_ENABLE_OBJC_ARC = YES;
				CLANG_ENABLE_OBJC_WEAK = YES;
				CLANG_WARN_BLOCK_CAPTURE_AUTORELEASING = YES;
				CLANG_WARN_BOOL_CONVERSION = YES;
				CLANG_WARN_COMMA = YES;
				CLANG_WARN_CONSTANT_CONVERSION = YES;
				CLANG_WARN_DEPRECATED_OBJC_IMPLEMENTATIONS = YES;
				CLANG_WARN_DIRECT_OBJC_ISA_USAGE = YES_ERROR;
				CLANG_WARN_DOCUMENTATION_COMMENTS = YES;
				CLANG_WARN_EMPTY_BODY = YES;
				CLANG_WARN_ENUM_CONVERSION = YES;
				CLANG_WARN_INFINITE_RECURSION = YES;
				CLANG_WARN_INT_CONVERSION = YES;
				CLANG_WARN_NON_LITERAL_NULL_CONVERSION = YES;
				CLANG_WARN_OBJC_IMPLICIT_RETAIN_SELF = YES;
				CLANG_WARN_OBJC_LITERAL_CONVERSION = YES;
				CLANG_WARN_OBJC_ROOT_CLASS = YES_ERROR;
				CLANG_WARN_RANGE_LOOP_ANALYSIS = YES;
				CLANG_WARN_STRICT_PROTOTYPES = YES;
				CLANG_WARN_SUSPICIOUS_MOVE = YES;
				CLANG_WARN_UNGUARDED_AVAILABILITY = YES_AGGRESSIVE;
				CLANG_WARN_UNREACHABLE_CODE = YES;
				CLANG_WARN__DUPLICATE_METHOD_MATCH = YES;
				CODE_SIGN_IDENTITY = "iPhone Developer";
				COPY_PHASE_STRIP = NO;
				DEBUG_INFORMATION_FORMAT = dwarf;
				ENABLE_STRICT_OBJC_MSGSEND = YES;
				ENABLE_TESTABILITY = YES;
				GCC_C_LANGUAGE_STANDARD = gnu11;
				GCC_DYNAMIC_NO_PIC = NO;
				GCC_NO_COMMON_BLOCKS = YES;
				GCC_OPTIMIZATION_LEVEL = 0;
				GCC_PREPROCESSOR_DEFINITIONS = (
					"DEBUG=1",
					"$(inherited)",
				);
				GCC_WARN_64_TO_32_BIT_CONVERSION = YES;
				GCC_WARN_ABOUT_RETURN_TYPE = YES_ERROR;
				GCC_WARN_UNDECLARED_SELECTOR = YES;
				GCC_WARN_UNINITIALIZED_AUTOS = YES_AGGRESSIVE;
				GCC_WARN_UNUSED_FUNCTION = YES;
				GCC_WARN_UNUSED_VARIABLE = YES;
				IPHONEOS_DEPLOYMENT_TARGET = 12.2;
				MTL_ENABLE_DEBUG_INFO = INCLUDE_SOURCE;
				MTL_FAST_MATH = YES;
				ONLY_ACTIVE_ARCH = YES;
				SDKROOT = iphoneos;
				SWIFT_ACTIVE_COMPILATION_CONDITIONS = DEBUG;
				SWIFT_OPTIMIZATION_LEVEL = "-Onone";
			};
			name = Debug;
		};
		184CAF5222DCCD74002124B1 /* Release */ = {
			isa = XCBuildConfiguration;
			buildSettings = {
				ALWAYS_SEARCH_USER_PATHS = NO;
				CLANG_ANALYZER_NONNULL = YES;
				CLANG_ANALYZER_NUMBER_OBJECT_CONVERSION = YES_AGGRESSIVE;
				CLANG_CXX_LANGUAGE_STANDARD = "gnu++14";
				CLANG_CXX_LIBRARY = "libc++";
				CLANG_ENABLE_MODULES = YES;
				CLANG_ENABLE_OBJC_ARC = YES;
				CLANG_ENABLE_OBJC_WEAK = YES;
				CLANG_WARN_BLOCK_CAPTURE_AUTORELEASING = YES;
				CLANG_WARN_BOOL_CONVERSION = YES;
				CLANG_WARN_COMMA = YES;
				CLANG_WARN_CONSTANT_CONVERSION = YES;
				CLANG_WARN_DEPRECATED_OBJC_IMPLEMENTATIONS = YES;
				CLANG_WARN_DIRECT_OBJC_ISA_USAGE = YES_ERROR;
				CLANG_WARN_DOCUMENTATION_COMMENTS = YES;
				CLANG_WARN_EMPTY_BODY = YES;
				CLANG_WARN_ENUM_CONVERSION = YES;
				CLANG_WARN_INFINITE_RECURSION = YES;
				CLANG_WARN_INT_CONVERSION = YES;
				CLANG_WARN_NON_LITERAL_NULL_CONVERSION = YES;
				CLANG_WARN_OBJC_IMPLICIT_RETAIN_SELF = YES;
				CLANG_WARN_OBJC_LITERAL_CONVERSION = YES;
				CLANG_WARN_OBJC_ROOT_CLASS = YES_ERROR;
				CLANG_WARN_RANGE_LOOP_ANALYSIS = YES;
				CLANG_WARN_STRICT_PROTOTYPES = YES;
				CLANG_WARN_SUSPICIOUS_MOVE = YES;
				CLANG_WARN_UNGUARDED_AVAILABILITY = YES_AGGRESSIVE;
				CLANG_WARN_UNREACHABLE_CODE = YES;
				CLANG_WARN__DUPLICATE_METHOD_MATCH = YES;
				CODE_SIGN_IDENTITY = "iPhone Developer";
				COPY_PHASE_STRIP = NO;
				DEBUG_INFORMATION_FORMAT = "dwarf-with-dsym";
				ENABLE_NS_ASSERTIONS = NO;
				ENABLE_STRICT_OBJC_MSGSEND = YES;
				GCC_C_LANGUAGE_STANDARD = gnu11;
				GCC_NO_COMMON_BLOCKS = YES;
				GCC_WARN_64_TO_32_BIT_CONVERSION = YES;
				GCC_WARN_ABOUT_RETURN_TYPE = YES_ERROR;
				GCC_WARN_UNDECLARED_SELECTOR = YES;
				GCC_WARN_UNINITIALIZED_AUTOS = YES_AGGRESSIVE;
				GCC_WARN_UNUSED_FUNCTION = YES;
				GCC_WARN_UNUSED_VARIABLE = YES;
				IPHONEOS_DEPLOYMENT_TARGET = 12.2;
				MTL_ENABLE_DEBUG_INFO = NO;
				MTL_FAST_MATH = YES;
				SDKROOT = iphoneos;
				SWIFT_COMPILATION_MODE = wholemodule;
				SWIFT_OPTIMIZATION_LEVEL = "-O";
				VALIDATE_PRODUCT = YES;
			};
			name = Release;
		};
		184CAF5422DCCD74002124B1 /* Debug */ = {
			isa = XCBuildConfiguration;
			buildSettings = {
				ASSETCATALOG_COMPILER_APPICON_NAME = AppIcon;
				CODE_SIGN_STYLE = Automatic;
				DEVELOPMENT_TEAM = KHP7R522MF;
				INFOPLIST_FILE = toDoList/Info.plist;
				LD_RUNPATH_SEARCH_PATHS = (
					"$(inherited)",
					"@executable_path/Frameworks",
				);
				PRODUCT_BUNDLE_IDENTIFIER = KWK.toDoList;
				PRODUCT_NAME = "$(TARGET_NAME)";
				SWIFT_VERSION = 5.0;
				TARGETED_DEVICE_FAMILY = "1,2";
			};
			name = Debug;
		};
		184CAF5522DCCD74002124B1 /* Release */ = {
			isa = XCBuildConfiguration;
			buildSettings = {
				ASSETCATALOG_COMPILER_APPICON_NAME = AppIcon;
				CODE_SIGN_STYLE = Automatic;
				DEVELOPMENT_TEAM = KHP7R522MF;
				INFOPLIST_FILE = toDoList/Info.plist;
				LD_RUNPATH_SEARCH_PATHS = (
					"$(inherited)",
					"@executable_path/Frameworks",
				);
				PRODUCT_BUNDLE_IDENTIFIER = KWK.toDoList;
				PRODUCT_NAME = "$(TARGET_NAME)";
				SWIFT_VERSION = 5.0;
				TARGETED_DEVICE_FAMILY = "1,2";
			};
			name = Release;
		};
		184CAF5722DCCD74002124B1 /* Debug */ = {
			isa = XCBuildConfiguration;
			buildSettings = {
				ALWAYS_EMBED_SWIFT_STANDARD_LIBRARIES = YES;
				BUNDLE_LOADER = "$(TEST_HOST)";
				CODE_SIGN_STYLE = Automatic;
				DEVELOPMENT_TEAM = KHP7R522MF;
				INFOPLIST_FILE = toDoListTests/Info.plist;
				LD_RUNPATH_SEARCH_PATHS = (
					"$(inherited)",
					"@executable_path/Frameworks",
					"@loader_path/Frameworks",
				);
				PRODUCT_BUNDLE_IDENTIFIER = KWK.toDoListTests;
				PRODUCT_NAME = "$(TARGET_NAME)";
				SWIFT_VERSION = 5.0;
				TARGETED_DEVICE_FAMILY = "1,2";
				TEST_HOST = "$(BUILT_PRODUCTS_DIR)/toDoList.app/toDoList";
			};
			name = Debug;
		};
		184CAF5822DCCD74002124B1 /* Release */ = {
			isa = XCBuildConfiguration;
			buildSettings = {
				ALWAYS_EMBED_SWIFT_STANDARD_LIBRARIES = YES;
				BUNDLE_LOADER = "$(TEST_HOST)";
				CODE_SIGN_STYLE = Automatic;
				DEVELOPMENT_TEAM = KHP7R522MF;
				INFOPLIST_FILE = toDoListTests/Info.plist;
				LD_RUNPATH_SEARCH_PATHS = (
					"$(inherited)",
					"@executable_path/Frameworks",
					"@loader_path/Frameworks",
				);
				PRODUCT_BUNDLE_IDENTIFIER = KWK.toDoListTests;
				PRODUCT_NAME = "$(TARGET_NAME)";
				SWIFT_VERSION = 5.0;
				TARGETED_DEVICE_FAMILY = "1,2";
				TEST_HOST = "$(BUILT_PRODUCTS_DIR)/toDoList.app/toDoList";
			};
			name = Release;
		};
		184CAF5A22DCCD74002124B1 /* Debug */ = {
			isa = XCBuildConfiguration;
			buildSettings = {
				ALWAYS_EMBED_SWIFT_STANDARD_LIBRARIES = YES;
				CODE_SIGN_STYLE = Automatic;
				DEVELOPMENT_TEAM = KHP7R522MF;
				INFOPLIST_FILE = toDoListUITests/Info.plist;
				LD_RUNPATH_SEARCH_PATHS = (
					"$(inherited)",
					"@executable_path/Frameworks",
					"@loader_path/Frameworks",
				);
				PRODUCT_BUNDLE_IDENTIFIER = KWK.toDoListUITests;
				PRODUCT_NAME = "$(TARGET_NAME)";
				SWIFT_VERSION = 5.0;
				TARGETED_DEVICE_FAMILY = "1,2";
				TEST_TARGET_NAME = toDoList;
			};
			name = Debug;
		};
		184CAF5B22DCCD74002124B1 /* Release */ = {
			isa = XCBuildConfiguration;
			buildSettings = {
				ALWAYS_EMBED_SWIFT_STANDARD_LIBRARIES = YES;
				CODE_SIGN_STYLE = Automatic;
				DEVELOPMENT_TEAM = KHP7R522MF;
				INFOPLIST_FILE = toDoListUITests/Info.plist;
				LD_RUNPATH_SEARCH_PATHS = (
					"$(inherited)",
					"@executable_path/Frameworks",
					"@loader_path/Frameworks",
				);
				PRODUCT_BUNDLE_IDENTIFIER = KWK.toDoListUITests;
				PRODUCT_NAME = "$(TARGET_NAME)";
				SWIFT_VERSION = 5.0;
				TARGETED_DEVICE_FAMILY = "1,2";
				TEST_TARGET_NAME = toDoList;
			};
			name = Release;
		};
/* End XCBuildConfiguration section */

/* Begin XCConfigurationList section */
		184CAF2322DCCD73002124B1 /* Build configuration list for PBXProject "toDoList" */ = {
			isa = XCConfigurationList;
			buildConfigurations = (
				184CAF5122DCCD74002124B1 /* Debug */,
				184CAF5222DCCD74002124B1 /* Release */,
			);
			defaultConfigurationIsVisible = 0;
			defaultConfigurationName = Release;
		};
		184CAF5322DCCD74002124B1 /* Build configuration list for PBXNativeTarget "toDoList" */ = {
			isa = XCConfigurationList;
			buildConfigurations = (
				184CAF5422DCCD74002124B1 /* Debug */,
				184CAF5522DCCD74002124B1 /* Release */,
			);
			defaultConfigurationIsVisible = 0;
			defaultConfigurationName = Release;
		};
		184CAF5622DCCD74002124B1 /* Build configuration list for PBXNativeTarget "toDoListTests" */ = {
			isa = XCConfigurationList;
			buildConfigurations = (
				184CAF5722DCCD74002124B1 /* Debug */,
				184CAF5822DCCD74002124B1 /* Release */,
			);
			defaultConfigurationIsVisible = 0;
			defaultConfigurationName = Release;
		};
		184CAF5922DCCD74002124B1 /* Build configuration list for PBXNativeTarget "toDoListUITests" */ = {
			isa = XCConfigurationList;
			buildConfigurations = (
				184CAF5A22DCCD74002124B1 /* Debug */,
				184CAF5B22DCCD74002124B1 /* Release */,
			);
			defaultConfigurationIsVisible = 0;
			defaultConfigurationName = Release;
		};
/* End XCConfigurationList section */

/* Begin XCVersionGroup section */
		184CAF3222DCCD73002124B1 /* toDoList.xcdatamodeld */ = {
			isa = XCVersionGroup;
			children = (
				184CAF3322DCCD73002124B1 /* toDoList.xcdatamodel */,
			);
			currentVersion = 184CAF3322DCCD73002124B1 /* toDoList.xcdatamodel */;
			path = toDoList.xcdatamodeld;
			sourceTree = "<group>";
			versionGroupType = wrapper.xcdatamodel;
		};
/* End XCVersionGroup section */
	};
	rootObject = 184CAF2022DCCD73002124B1 /* Project object */;
}
